{
  "originHash" : "28b5cced60b3d6921aed0c0be0e6f376166f7fe23420db1340255a00dddb1b82",
  "pins" : [
    {
      "identity" : "proxlock-ios",
      "kind" : "remoteSourceControl",
      "location" : "https://github.com/proxlock/proxlock-ios",
      "state" : {
        "revision" : "af757288b3f24f08d5647c1bcd21d6f6cfb3bc7a",
        "version" : "0.1.1"
      }
    }
  ],
  "version" : 3
}
