{
  "originHash" : "aa75e862ce7590bea3c2964e962d54dc22de187d3cab8a71b416540ddee9abdf",
  "pins" : [
    {
      "identity" : "proxlock-ios",
      "kind" : "remoteSourceControl",
      "location" : "https://github.com/ProxLock/proxlock-ios.git",
      "state" : {
        "revision" : "7e440316ecb8c4a94f34007844be680aac24b5a1",
        "version" : "0.3.0"
      }
    }
  ],
  "version" : 3
}
